// !$*UTF8*$!
{
	archiveVersion = 1;
	classes = {
	};
	objectVersion = 50;
	objects = {

/* Begin PBXBuildFile section */
		98DDB99120C9F0F800D2EBE6 /* Checks.swift in Sources */ = {isa = PBXBuildFile; fileRef = 98DDB99020C9F0F800D2EBE6 /* Checks.swift */; };
		D025A93F20C6FAD3002158FE /* AppDelegate.swift in Sources */ = {isa = PBXBuildFile; fileRef = D025A93E20C6FAD3002158FE /* AppDelegate.swift */; };
		D025A94120C6FAD3002158FE /* ViewController.swift in Sources */ = {isa = PBXBuildFile; fileRef = D025A94020C6FAD3002158FE /* ViewController.swift */; };
		D025A94320C6FAD5002158FE /* Assets.xcassets in Resources */ = {isa = PBXBuildFile; fileRef = D025A94220C6FAD5002158FE /* Assets.xcassets */; };
		D025A94620C6FAD5002158FE /* Main.storyboard in Resources */ = {isa = PBXBuildFile; fileRef = D025A94420C6FAD5002158FE /* Main.storyboard */; };
		D025A94F20C6FAF9002158FE /* StatusTab.swift in Sources */ = {isa = PBXBuildFile; fileRef = D025A94E20C6FAF9002158FE /* StatusTab.swift */; };
		D025A95120C6FB21002158FE /* ShellCommands.swift in Sources */ = {isa = PBXBuildFile; fileRef = D025A95020C6FB21002158FE /* ShellCommands.swift */; };
/* End PBXBuildFile section */

/* Begin PBXFileReference section */
		98DDB99020C9F0F800D2EBE6 /* Checks.swift */ = {isa = PBXFileReference; lastKnownFileType = sourcecode.swift; path = Checks.swift; sourceTree = "<group>"; };
		D025A93B20C6FAD3002158FE /* protocols.app */ = {isa = PBXFileReference; explicitFileType = wrapper.application; includeInIndex = 0; path = protocols.app; sourceTree = BUILT_PRODUCTS_DIR; };
		D025A93E20C6FAD3002158FE /* AppDelegate.swift */ = {isa = PBXFileReference; lastKnownFileType = sourcecode.swift; path = AppDelegate.swift; sourceTree = "<group>"; };
		D025A94020C6FAD3002158FE /* ViewController.swift */ = {isa = PBXFileReference; lastKnownFileType = sourcecode.swift; path = ViewController.swift; sourceTree = "<group>"; };
		D025A94220C6FAD5002158FE /* Assets.xcassets */ = {isa = PBXFileReference; lastKnownFileType = folder.assetcatalog; path = Assets.xcassets; sourceTree = "<group>"; };
		D025A94520C6FAD5002158FE /* Base */ = {isa = PBXFileReference; lastKnownFileType = file.storyboard; name = Base; path = Base.lproj/Main.storyboard; sourceTree = "<group>"; };
		D025A94720C6FAD5002158FE /* Info.plist */ = {isa = PBXFileReference; lastKnownFileType = text.plist.xml; path = Info.plist; sourceTree = "<group>"; };
		D025A94820C6FAD5002158FE /* protocols.entitlements */ = {isa = PBXFileReference; lastKnownFileType = text.plist.entitlements; path = protocols.entitlements; sourceTree = "<group>"; };
		D025A94E20C6FAF9002158FE /* StatusTab.swift */ = {isa = PBXFileReference; lastKnownFileType = sourcecode.swift; path = StatusTab.swift; sourceTree = "<group>"; };
		D025A95020C6FB21002158FE /* ShellCommands.swift */ = {isa = PBXFileReference; lastKnownFileType = sourcecode.swift; path = ShellCommands.swift; sourceTree = "<group>"; };
/* End PBXFileReference section */

/* Begin PBXFrameworksBuildPhase section */
		D025A93820C6FAD3002158FE /* Frameworks */ = {
			isa = PBXFrameworksBuildPhase;
			buildActionMask = 2147483647;
			files = (
			);
			runOnlyForDeploymentPostprocessing = 0;
		};
/* End PBXFrameworksBuildPhase section */

/* Begin PBXGroup section */
		D025A93220C6FAD3002158FE = {
			isa = PBXGroup;
			children = (
				D025A93D20C6FAD3002158FE /* protocols */,
				D025A93C20C6FAD3002158FE /* Products */,
			);
			sourceTree = "<group>";
		};
		D025A93C20C6FAD3002158FE /* Products */ = {
			isa = PBXGroup;
			children = (
				D025A93B20C6FAD3002158FE /* protocols.app */,
			);
			name = Products;
			sourceTree = "<group>";
		};
		D025A93D20C6FAD3002158FE /* protocols */ = {
			isa = PBXGroup;
			children = (
				D025A93E20C6FAD3002158FE /* AppDelegate.swift */,
				D025A94020C6FAD3002158FE /* ViewController.swift */,
				98DDB99020C9F0F800D2EBE6 /* Checks.swift */,
				D025A94220C6FAD5002158FE /* Assets.xcassets */,
				D025A94420C6FAD5002158FE /* Main.storyboard */,
				D025A94E20C6FAF9002158FE /* StatusTab.swift */,
				D025A95020C6FB21002158FE /* ShellCommands.swift */,
				D025A94720C6FAD5002158FE /* Info.plist */,
				D025A94820C6FAD5002158FE /* protocols.entitlements */,
			);
			path = protocols;
			sourceTree = "<group>";
		};
/* End PBXGroup section */

/* Begin PBXNativeTarget section */
		D025A93A20C6FAD3002158FE /* protocols */ = {
			isa = PBXNativeTarget;
			buildConfigurationList = D025A94B20C6FAD5002158FE /* Build configuration list for PBXNativeTarget "protocols" */;
			buildPhases = (
				D025A93720C6FAD3002158FE /* Sources */,
				D025A93820C6FAD3002158FE /* Frameworks */,
				D025A93920C6FAD3002158FE /* Resources */,
			);
			buildRules = (
			);
			dependencies = (
			);
			name = protocols;
			productName = protocols;
			productReference = D025A93B20C6FAD3002158FE /* protocols.app */;
			productType = "com.apple.product-type.application";
		};
/* End PBXNativeTarget section */

/* Begin PBXProject section */
		D025A93320C6FAD3002158FE /* Project object */ = {
			isa = PBXProject;
			attributes = {
				LastSwiftUpdateCheck = 0940;
				LastUpgradeCheck = 0940;
				ORGANIZATIONNAME = "Workday, Inc.";
				TargetAttributes = {
					D025A93A20C6FAD3002158FE = {
						CreatedOnToolsVersion = 9.4;
					};
				};
			};
			buildConfigurationList = D025A93620C6FAD3002158FE /* Build configuration list for PBXProject "protocols" */;
			compatibilityVersion = "Xcode 9.3";
			developmentRegion = en;
			hasScannedForEncodings = 0;
			knownRegions = (
				en,
				Base,
			);
			mainGroup = D025A93220C6FAD3002158FE;
			productRefGroup = D025A93C20C6FAD3002158FE /* Products */;
			projectDirPath = "";
			projectRoot = "";
			targets = (
				D025A93A20C6FAD3002158FE /* protocols */,
			);
		};
/* End PBXProject section */

/* Begin PBXResourcesBuildPhase section */
		D025A93920C6FAD3002158FE /* Resources */ = {
			isa = PBXResourcesBuildPhase;
			buildActionMask = 2147483647;
			files = (
				D025A94320C6FAD5002158FE /* Assets.xcassets in Resources */,
				D025A94620C6FAD5002158FE /* Main.storyboard in Resources */,
			);
			runOnlyForDeploymentPostprocessing = 0;
		};
/* End PBXResourcesBuildPhase section */

/* Begin PBXSourcesBuildPhase section */
		D025A93720C6FAD3002158FE /* Sources */ = {
			isa = PBXSourcesBuildPhase;
			buildActionMask = 2147483647;
			files = (
				D025A95120C6FB21002158FE /* ShellCommands.swift in Sources */,
				98DDB99120C9F0F800D2EBE6 /* Checks.swift in Sources */,
				D025A94F20C6FAF9002158FE /* StatusTab.swift in Sources */,
				D025A94120C6FAD3002158FE /* ViewController.swift in Sources */,
				D025A93F20C6FAD3002158FE /* AppDelegate.swift in Sources */,
			);
			runOnlyForDeploymentPostprocessing = 0;
		};
/* End PBXSourcesBuildPhase section */

/* Begin PBXVariantGroup section */
		D025A94420C6FAD5002158FE /* Main.storyboard */ = {
			isa = PBXVariantGroup;
			children = (
				D025A94520C6FAD5002158FE /* Base */,
			);
			name = Main.storyboard;
			sourceTree = "<group>";
		};
/* End PBXVariantGroup section */

/* Begin XCBuildConfiguration section */
		D025A94920C6FAD5002158FE /* Debug */ = {
			isa = XCBuildConfiguration;
			buildSettings = {
				ALWAYS_SEARCH_USER_PATHS = NO;
				CLANG_ANALYZER_NONNULL = YES;
				CLANG_ANALYZER_NUMBER_OBJECT_CONVERSION = YES_AGGRESSIVE;
				CLANG_CXX_LANGUAGE_STANDARD = "gnu++14";
				CLANG_CXX_LIBRARY = "libc++";
				CLANG_ENABLE_MODULES = YES;
				CLANG_ENABLE_OBJC_ARC = YES;
				CLANG_ENABLE_OBJC_WEAK = YES;
				CLANG_WARN_BLOCK_CAPTURE_AUTORELEASING = YES;
				CLANG_WARN_BOOL_CONVERSION = YES;
				CLANG_WARN_COMMA = YES;
				CLANG_WARN_CONSTANT_CONVERSION = YES;
				CLANG_WARN_DEPRECATED_OBJC_IMPLEMENTATIONS = YES;
				CLANG_WARN_DIRECT_OBJC_ISA_USAGE = YES_ERROR;
				CLANG_WARN_DOCUMENTATION_COMMENTS = YES;
				CLANG_WARN_EMPTY_BODY = YES;
				CLANG_WARN_ENUM_CONVERSION = YES;
				CLANG_WARN_INFINITE_RECURSION = YES;
				CLANG_WARN_INT_CONVERSION = YES;
				CLANG_WARN_NON_LITERAL_NULL_CONVERSION = YES;
				CLANG_WARN_OBJC_IMPLICIT_RETAIN_SELF = YES;
				CLANG_WARN_OBJC_LITERAL_CONVERSION = YES;
				CLANG_WARN_OBJC_ROOT_CLASS = YES_ERROR;
				CLANG_WARN_RANGE_LOOP_ANALYSIS = YES;
				CLANG_WARN_STRICT_PROTOTYPES = YES;
				CLANG_WARN_SUSPICIOUS_MOVE = YES;
				CLANG_WARN_UNGUARDED_AVAILABILITY = YES_AGGRESSIVE;
				CLANG_WARN_UNREACHABLE_CODE = YES;
				CLANG_WARN__DUPLICATE_METHOD_MATCH = YES;
				CODE_SIGN_IDENTITY = "Mac Developer";
				COPY_PHASE_STRIP = NO;
				DEBUG_INFORMATION_FORMAT = dwarf;
				ENABLE_STRICT_OBJC_MSGSEND = YES;
				ENABLE_TESTABILITY = YES;
				GCC_C_LANGUAGE_STANDARD = gnu11;
				GCC_DYNAMIC_NO_PIC = NO;
				GCC_NO_COMMON_BLOCKS = YES;
				GCC_OPTIMIZATION_LEVEL = 0;
				GCC_PREPROCESSOR_DEFINITIONS = (
					"DEBUG=1",
					"$(inherited)",
				);
				GCC_WARN_64_TO_32_BIT_CONVERSION = YES;
				GCC_WARN_ABOUT_RETURN_TYPE = YES_ERROR;
				GCC_WARN_UNDECLARED_SELECTOR = YES;
				GCC_WARN_UNINITIALIZED_AUTOS = YES_AGGRESSIVE;
				GCC_WARN_UNUSED_FUNCTION = YES;
				GCC_WARN_UNUSED_VARIABLE = YES;
				MACOSX_DEPLOYMENT_TARGET = 10.13;
				MTL_ENABLE_DEBUG_INFO = YES;
				ONLY_ACTIVE_ARCH = YES;
				SDKROOT = macosx;
				SWIFT_ACTIVE_COMPILATION_CONDITIONS = DEBUG;
				SWIFT_OPTIMIZATION_LEVEL = "-Onone";
			};
			name = Debug;
		};
		D025A94A20C6FAD5002158FE /* Release */ = {
			isa = XCBuildConfiguration;
			buildSettings = {
				ALWAYS_SEARCH_USER_PATHS = NO;
				CLANG_ANALYZER_NONNULL = YES;
				CLANG_ANALYZER_NUMBER_OBJECT_CONVERSION = YES_AGGRESSIVE;
				CLANG_CXX_LANGUAGE_STANDARD = "gnu++14";
				CLANG_CXX_LIBRARY = "libc++";
				CLANG_ENABLE_MODULES = YES;
				CLANG_ENABLE_OBJC_ARC = YES;
				CLANG_ENABLE_OBJC_WEAK = YES;
				CLANG_WARN_BLOCK_CAPTURE_AUTORELEASING = YES;
				CLANG_WARN_BOOL_CONVERSION = YES;
				CLANG_WARN_COMMA = YES;
				CLANG_WARN_CONSTANT_CONVERSION = YES;
				CLANG_WARN_DEPRECATED_OBJC_IMPLEMENTATIONS = YES;
				CLANG_WARN_DIRECT_OBJC_ISA_USAGE = YES_ERROR;
				CLANG_WARN_DOCUMENTATION_COMMENTS = YES;
				CLANG_WARN_EMPTY_BODY = YES;
				CLANG_WARN_ENUM_CONVERSION = YES;
				CLANG_WARN_INFINITE_RECURSION = YES;
				CLANG_WARN_INT_CONVERSION = YES;
				CLANG_WARN_NON_LITERAL_NULL_CONVERSION = YES;
				CLANG_WARN_OBJC_IMPLICIT_RETAIN_SELF = YES;
				CLANG_WARN_OBJC_LITERAL_CONVERSION = YES;
				CLANG_WARN_OBJC_ROOT_CLASS = YES_ERROR;
				CLANG_WARN_RANGE_LOOP_ANALYSIS = YES;
				CLANG_WARN_STRICT_PROTOTYPES = YES;
				CLANG_WARN_SUSPICIOUS_MOVE = YES;
				CLANG_WARN_UNGUARDED_AVAILABILITY = YES_AGGRESSIVE;
				CLANG_WARN_UNREACHABLE_CODE = YES;
				CLANG_WARN__DUPLICATE_METHOD_MATCH = YES;
				CODE_SIGN_IDENTITY = "Mac Developer";
				COPY_PHASE_STRIP = NO;
				DEBUG_INFORMATION_FORMAT = "dwarf-with-dsym";
				ENABLE_NS_ASSERTIONS = NO;
				ENABLE_STRICT_OBJC_MSGSEND = YES;
				GCC_C_LANGUAGE_STANDARD = gnu11;
				GCC_NO_COMMON_BLOCKS = YES;
				GCC_WARN_64_TO_32_BIT_CONVERSION = YES;
				GCC_WARN_ABOUT_RETURN_TYPE = YES_ERROR;
				GCC_WARN_UNDECLARED_SELECTOR = YES;
				GCC_WARN_UNINITIALIZED_AUTOS = YES_AGGRESSIVE;
				GCC_WARN_UNUSED_FUNCTION = YES;
				GCC_WARN_UNUSED_VARIABLE = YES;
				MACOSX_DEPLOYMENT_TARGET = 10.13;
				MTL_ENABLE_DEBUG_INFO = NO;
				SDKROOT = macosx;
				SWIFT_COMPILATION_MODE = wholemodule;
				SWIFT_OPTIMIZATION_LEVEL = "-O";
			};
			name = Release;
		};
		D025A94C20C6FAD5002158FE /* Debug */ = {
			isa = XCBuildConfiguration;
			buildSettings = {
				ASSETCATALOG_COMPILER_APPICON_NAME = AppIcon;
				CODE_SIGN_ENTITLEMENTS = protocols/protocols.entitlements;
				CODE_SIGN_STYLE = Automatic;
				COMBINE_HIDPI_IMAGES = YES;
				DEVELOPMENT_TEAM = Z6H9QCRMVB;
				INFOPLIST_FILE = protocols/Info.plist;
				LD_RUNPATH_SEARCH_PATHS = (
					"$(inherited)",
					"@executable_path/../Frameworks",
				);
				PRODUCT_BUNDLE_IDENTIFIER = com.workday.protocols;
				PRODUCT_NAME = "$(TARGET_NAME)";
				SWIFT_VERSION = 4.0;
			};
			name = Debug;
		};
		D025A94D20C6FAD5002158FE /* Release */ = {
			isa = XCBuildConfiguration;
			buildSettings = {
				ASSETCATALOG_COMPILER_APPICON_NAME = AppIcon;
				CODE_SIGN_ENTITLEMENTS = protocols/protocols.entitlements;
				CODE_SIGN_STYLE = Automatic;
				COMBINE_HIDPI_IMAGES = YES;
				DEVELOPMENT_TEAM = Z6H9QCRMVB;
				INFOPLIST_FILE = protocols/Info.plist;
				LD_RUNPATH_SEARCH_PATHS = (
					"$(inherited)",
					"@executable_path/../Frameworks",
				);
				PRODUCT_BUNDLE_IDENTIFIER = com.workday.protocols;
				PRODUCT_NAME = "$(TARGET_NAME)";
				SWIFT_VERSION = 4.0;
			};
			name = Release;
		};
/* End XCBuildConfiguration section */

/* Begin XCConfigurationList section */
		D025A93620C6FAD3002158FE /* Build configuration list for PBXProject "protocols" */ = {
			isa = XCConfigurationList;
			buildConfigurations = (
				D025A94920C6FAD5002158FE /* Debug */,
				D025A94A20C6FAD5002158FE /* Release */,
			);
			defaultConfigurationIsVisible = 0;
			defaultConfigurationName = Release;
		};
		D025A94B20C6FAD5002158FE /* Build configuration list for PBXNativeTarget "protocols" */ = {
			isa = XCConfigurationList;
			buildConfigurations = (
				D025A94C20C6FAD5002158FE /* Debug */,
				D025A94D20C6FAD5002158FE /* Release */,
			);
			defaultConfigurationIsVisible = 0;
			defaultConfigurationName = Release;
		};
/* End XCConfigurationList section */
	};
	rootObject = D025A93320C6FAD3002158FE /* Project object */;
}
